
Microsoft Visual Studio Solution File, Format Version 12.00
# Visual Studio Version 17
VisualStudioVersion = 17.0.31903.59
MinimumVisualStudioVersion = 10.0.40219.1
Project("{2150E333-8FDC-42A3-9474-1A3956D46DE8}") = "Plugin", "Plugin", "{7F42074E-682A-A599-6CDB-8399CB51B8EF}"
EndProject
Project("{FAE04EC0-301F-11D3-BF4B-00C04F79EFBC}") = "LucidCatsModManager", "Plugin\LucidCatsModManager.csproj", "{C7DD1F73-5AA5-4F4B-8D67-EB913FF800C7}"
EndProject
Project("{2150E333-8FDC-42A3-9474-1A3956D46DE8}") = "Patcher", "Patcher", "{A709818D-5535-0DA5-891C-43C042A55F2A}"
EndProject
Project("{FAE04EC0-301F-11D3-BF4B-00C04F79EFBC}") = "LucidCatsModManager.Patcher", "Patcher\LucidCatsModManager.Patcher.csproj", "{4624EFDB-A1F4-4EE1-A748-BF013C3E0F65}"
EndProject
Global
	GlobalSection(SolutionConfigurationPlatforms) = preSolution
		Debug|Any CPU = Debug|Any CPU
		Debug|x64 = Debug|x64
		Debug|x86 = Debug|x86
		Release|Any CPU = Release|Any CPU
		Release|x64 = Release|x64
		Release|x86 = Release|x86
	EndGlobalSection
	GlobalSection(ProjectConfigurationPlatforms) = postSolution
		{C7DD1F73-5AA5-4F4B-8D67-EB913FF800C7}.Debug|Any CPU.ActiveCfg = Debug|Any CPU
		{C7DD1F73-5AA5-4F4B-8D67-EB913FF800C7}.Debug|Any CPU.Build.0 = Debug|Any CPU
		{C7DD1F73-5AA5-4F4B-8D67-EB913FF800C7}.Debug|x64.ActiveCfg = Debug|Any CPU
		{C7DD1F73-5AA5-4F4B-8D67-EB913FF800C7}.Debug|x64.Build.0 = Debug|Any CPU
		{C7DD1F73-5AA5-4F4B-8D67-EB913FF800C7}.Debug|x86.ActiveCfg = Debug|Any CPU
		{C7DD1F73-5AA5-4F4B-8D67-EB913FF800C7}.Debug|x86.Build.0 = Debug|Any CPU
		{C7DD1F73-5AA5-4F4B-8D67-EB913FF800C7}.Release|Any CPU.ActiveCfg = Release|Any CPU
		{C7DD1F73-5AA5-4F4B-8D67-EB913FF800C7}.Release|Any CPU.Build.0 = Release|Any CPU
		{C7DD1F73-5AA5-4F4B-8D67-EB913FF800C7}.Release|x64.ActiveCfg = Release|Any CPU
		{C7DD1F73-5AA5-4F4B-8D67-EB913FF800C7}.Release|x64.Build.0 = Release|Any CPU
		{C7DD1F73-5AA5-4F4B-8D67-EB913FF800C7}.Release|x86.ActiveCfg = Release|Any CPU
		{C7DD1F73-5AA5-4F4B-8D67-EB913FF800C7}.Release|x86.Build.0 = Release|Any CPU
		{4624EFDB-A1F4-4EE1-A748-BF013C3E0F65}.Debug|Any CPU.ActiveCfg = Debug|Any CPU
		{4624EFDB-A1F4-4EE1-A748-BF013C3E0F65}.Debug|Any CPU.Build.0 = Debug|Any CPU
		{4624EFDB-A1F4-4EE1-A748-BF013C3E0F65}.Debug|x64.ActiveCfg = Debug|Any CPU
		{4624EFDB-A1F4-4EE1-A748-BF013C3E0F65}.Debug|x64.Build.0 = Debug|Any CPU
		{4624EFDB-A1F4-4EE1-A748-BF013C3E0F65}.Debug|x86.ActiveCfg = Debug|Any CPU
		{4624EFDB-A1F4-4EE1-A748-BF013C3E0F65}.Debug|x86.Build.0 = Debug|Any CPU
		{4624EFDB-A1F4-4EE1-A748-BF013C3E0F65}.Release|Any CPU.ActiveCfg = Release|Any CPU
		{4624EFDB-A1F4-4EE1-A748-BF013C3E0F65}.Release|Any CPU.Build.0 = Release|Any CPU
		{4624EFDB-A1F4-4EE1-A748-BF013C3E0F65}.Release|x64.ActiveCfg = Release|Any CPU
		{4624EFDB-A1F4-4EE1-A748-BF013C3E0F65}.Release|x64.Build.0 = Release|Any CPU
		{4624EFDB-A1F4-4EE1-A748-BF013C3E0F65}.Release|x86.ActiveCfg = Release|Any CPU
		{4624EFDB-A1F4-4EE1-A748-BF013C3E0F65}.Release|x86.Build.0 = Release|Any CPU
	EndGlobalSection
	GlobalSection(SolutionProperties) = preSolution
		HideSolutionNode = FALSE
	EndGlobalSection
	GlobalSection(NestedProjects) = preSolution
		{C7DD1F73-5AA5-4F4B-8D67-EB913FF800C7} = {7F42074E-682A-A599-6CDB-8399CB51B8EF}
		{4624EFDB-A1F4-4EE1-A748-BF013C3E0F65} = {A709818D-5535-0DA5-891C-43C042A55F2A}
	EndGlobalSection
EndGlobal
